
Microsoft Visual Studio Solution File, Format Version 12.00
# Visual Studio 15
VisualStudioVersion = 15.0.28010.2026
MinimumVisualStudioVersion = 10.0.40219.1
Project("{9A19103F-16F7-4668-BE54-9A1E7A4F7556}") = "ImageMagitek", "ImageMagitek\ImageMagitek.csproj", "{94136DDB-1B6F-4959-A14C-D59716994E85}"
EndProject
Project("{FAE04EC0-301F-11D3-BF4B-00C04F79EFBC}") = "ImageMagitekConsole", "ImageMagitekConsole\ImageMagitekConsole.csproj", "{EDFCC714-2B1F-4B5D-8FA7-CD60BA04EAB7}"
EndProject
Global
	GlobalSection(SolutionConfigurationPlatforms) = preSolution
		Debug|Any CPU = Debug|Any CPU
		Release|Any CPU = Release|Any CPU
	EndGlobalSection
	GlobalSection(ProjectConfigurationPlatforms) = postSolution
		{94136DDB-1B6F-4959-A14C-D59716994E85}.Debug|Any CPU.ActiveCfg = Debug|Any CPU
		{94136DDB-1B6F-4959-A14C-D59716994E85}.Debug|Any CPU.Build.0 = Debug|Any CPU
		{94136DDB-1B6F-4959-A14C-D59716994E85}.Release|Any CPU.ActiveCfg = Release|Any CPU
		{94136DDB-1B6F-4959-A14C-D59716994E85}.Release|Any CPU.Build.0 = Release|Any CPU
		{EDFCC714-2B1F-4B5D-8FA7-CD60BA04EAB7}.Debug|Any CPU.ActiveCfg = Debug|Any CPU
		{EDFCC714-2B1F-4B5D-8FA7-CD60BA04EAB7}.Debug|Any CPU.Build.0 = Debug|Any CPU
		{EDFCC714-2B1F-4B5D-8FA7-CD60BA04EAB7}.Release|Any CPU.ActiveCfg = Release|Any CPU
		{EDFCC714-2B1F-4B5D-8FA7-CD60BA04EAB7}.Release|Any CPU.Build.0 = Release|Any CPU
	EndGlobalSection
	GlobalSection(SolutionProperties) = preSolution
		HideSolutionNode = FALSE
	EndGlobalSection
	GlobalSection(ExtensibilityGlobals) = postSolution
		SolutionGuid = {A2AFAFCF-9151-456A-A6CD-99E0B299A998}
	EndGlobalSection
EndGlobal
