
Microsoft Visual Studio Solution File, Format Version 12.00
# Visual Studio Version 17
VisualStudioVersion = 17.0.31903.59
MinimumVisualStudioVersion = 10.0.40219.1
Project("{9A19103F-16F7-4668-BE54-9A1E7A4F7556}") = "ImageMagitek", "ImageMagitek\ImageMagitek.csproj", "{94136DDB-1B6F-4959-A14C-D59716994E85}"
EndProject
Project("{9A19103F-16F7-4668-BE54-9A1E7A4F7556}") = "TileShop.CLI", "TileShop.CLI\TileShop.CLI.csproj", "{EDFCC714-2B1F-4B5D-8FA7-CD60BA04EAB7}"
EndProject
Project("{9A19103F-16F7-4668-BE54-9A1E7A4F7556}") = "ImageMagitek.UnitTests", "ImageMagitek.UnitTests\ImageMagitek.UnitTests.csproj", "{FB67BDC5-C4F8-4CE6-9865-D8A87B6E9BA1}"
EndProject
Project("{9A19103F-16F7-4668-BE54-9A1E7A4F7556}") = "ImageMagitek.Benchmarks", "ImageMagitek.Benchmarks\ImageMagitek.Benchmarks.csproj", "{66A35926-34AB-4E08-B81A-8EFA40B3BFD8}"
EndProject
Project("{9A19103F-16F7-4668-BE54-9A1E7A4F7556}") = "TileShop.WPF", "TileShop.WPF\TileShop.WPF.csproj", "{BED10C2E-CFF8-4E58-942F-658BF41DF406}"
EndProject
Project("{9A19103F-16F7-4668-BE54-9A1E7A4F7556}") = "TileShop.Shared", "TileShop.Shared\TileShop.Shared.csproj", "{6B68BC85-0708-46DD-9197-2CA5273B306F}"
EndProject
Project("{9A19103F-16F7-4668-BE54-9A1E7A4F7556}") = "ImageMagitek.Services", "ImageMagitek.Services\ImageMagitek.Services.csproj", "{8932A93B-0074-4508-BFCB-39E9ED2E887C}"
EndProject
Project("{9A19103F-16F7-4668-BE54-9A1E7A4F7556}") = "ImageMagitek.PluginSamples", "ImageMagitek.PluginSamples\ImageMagitek.PluginSamples.csproj", "{7872050E-73EF-4757-8918-B7971FE8E2F8}"
EndProject
Project("{9A19103F-16F7-4668-BE54-9A1E7A4F7556}") = "ImageMagitek.Build", "ImageMagitek.Build\ImageMagitek.Build.csproj", "{25275280-C633-4153-B84D-00DBD9165861}"
EndProject
Project("{9A19103F-16F7-4668-BE54-9A1E7A4F7556}") = "TileShop.WPF.Controls", "TileShop.WPF.Controls\TileShop.WPF.Controls.csproj", "{E34D64F6-54AE-4AA8-B94A-87136BE16AFF}"
EndProject
Project("{2150E333-8FDC-42A3-9474-1A3956D46DE8}") = "Solution Items", "Solution Items", "{E9EA9AD9-DD0D-47BA-87FD-D35518F233E2}"
	ProjectSection(SolutionItems) = preProject
		.editorconfig = .editorconfig
	EndProjectSection
EndProject
Project("{9A19103F-16F7-4668-BE54-9A1E7A4F7556}") = "Samples.FF5MonsterSprites", "Samples.FF5MonsterSprites\Samples.FF5MonsterSprites.csproj", "{857CA890-9AA6-4CD3-B83F-3A817F2B87AF}"
EndProject
Project("{FAE04EC0-301F-11D3-BF4B-00C04F79EFBC}") = "Samples.FF5MonsterSpritesCLI", "Samples.FF5MonsterSpritesCLI\Samples.FF5MonsterSpritesCLI.csproj", "{6910DD6C-2F91-4E89-BFFF-F283CB57B997}"
EndProject
Global
	GlobalSection(SolutionConfigurationPlatforms) = preSolution
		Debug|Any CPU = Debug|Any CPU
		Release|Any CPU = Release|Any CPU
	EndGlobalSection
	GlobalSection(ProjectConfigurationPlatforms) = postSolution
		{94136DDB-1B6F-4959-A14C-D59716994E85}.Debug|Any CPU.ActiveCfg = Debug|Any CPU
		{94136DDB-1B6F-4959-A14C-D59716994E85}.Debug|Any CPU.Build.0 = Debug|Any CPU
		{94136DDB-1B6F-4959-A14C-D59716994E85}.Release|Any CPU.ActiveCfg = Release|Any CPU
		{94136DDB-1B6F-4959-A14C-D59716994E85}.Release|Any CPU.Build.0 = Release|Any CPU
		{EDFCC714-2B1F-4B5D-8FA7-CD60BA04EAB7}.Debug|Any CPU.ActiveCfg = Debug|Any CPU
		{EDFCC714-2B1F-4B5D-8FA7-CD60BA04EAB7}.Debug|Any CPU.Build.0 = Debug|Any CPU
		{EDFCC714-2B1F-4B5D-8FA7-CD60BA04EAB7}.Release|Any CPU.ActiveCfg = Release|Any CPU
		{EDFCC714-2B1F-4B5D-8FA7-CD60BA04EAB7}.Release|Any CPU.Build.0 = Release|Any CPU
		{FB67BDC5-C4F8-4CE6-9865-D8A87B6E9BA1}.Debug|Any CPU.ActiveCfg = Debug|Any CPU
		{FB67BDC5-C4F8-4CE6-9865-D8A87B6E9BA1}.Debug|Any CPU.Build.0 = Debug|Any CPU
		{FB67BDC5-C4F8-4CE6-9865-D8A87B6E9BA1}.Release|Any CPU.ActiveCfg = Release|Any CPU
		{FB67BDC5-C4F8-4CE6-9865-D8A87B6E9BA1}.Release|Any CPU.Build.0 = Release|Any CPU
		{66A35926-34AB-4E08-B81A-8EFA40B3BFD8}.Debug|Any CPU.ActiveCfg = Debug|Any CPU
		{66A35926-34AB-4E08-B81A-8EFA40B3BFD8}.Debug|Any CPU.Build.0 = Debug|Any CPU
		{66A35926-34AB-4E08-B81A-8EFA40B3BFD8}.Release|Any CPU.ActiveCfg = Release|Any CPU
		{66A35926-34AB-4E08-B81A-8EFA40B3BFD8}.Release|Any CPU.Build.0 = Release|Any CPU
		{BED10C2E-CFF8-4E58-942F-658BF41DF406}.Debug|Any CPU.ActiveCfg = Debug|Any CPU
		{BED10C2E-CFF8-4E58-942F-658BF41DF406}.Debug|Any CPU.Build.0 = Debug|Any CPU
		{BED10C2E-CFF8-4E58-942F-658BF41DF406}.Release|Any CPU.ActiveCfg = Release|Any CPU
		{BED10C2E-CFF8-4E58-942F-658BF41DF406}.Release|Any CPU.Build.0 = Release|Any CPU
		{6B68BC85-0708-46DD-9197-2CA5273B306F}.Debug|Any CPU.ActiveCfg = Debug|Any CPU
		{6B68BC85-0708-46DD-9197-2CA5273B306F}.Debug|Any CPU.Build.0 = Debug|Any CPU
		{6B68BC85-0708-46DD-9197-2CA5273B306F}.Release|Any CPU.ActiveCfg = Release|Any CPU
		{6B68BC85-0708-46DD-9197-2CA5273B306F}.Release|Any CPU.Build.0 = Release|Any CPU
		{8932A93B-0074-4508-BFCB-39E9ED2E887C}.Debug|Any CPU.ActiveCfg = Debug|Any CPU
		{8932A93B-0074-4508-BFCB-39E9ED2E887C}.Debug|Any CPU.Build.0 = Debug|Any CPU
		{8932A93B-0074-4508-BFCB-39E9ED2E887C}.Release|Any CPU.ActiveCfg = Release|Any CPU
		{8932A93B-0074-4508-BFCB-39E9ED2E887C}.Release|Any CPU.Build.0 = Release|Any CPU
		{7872050E-73EF-4757-8918-B7971FE8E2F8}.Debug|Any CPU.ActiveCfg = Debug|Any CPU
		{7872050E-73EF-4757-8918-B7971FE8E2F8}.Debug|Any CPU.Build.0 = Debug|Any CPU
		{7872050E-73EF-4757-8918-B7971FE8E2F8}.Release|Any CPU.ActiveCfg = Release|Any CPU
		{7872050E-73EF-4757-8918-B7971FE8E2F8}.Release|Any CPU.Build.0 = Release|Any CPU
		{25275280-C633-4153-B84D-00DBD9165861}.Debug|Any CPU.ActiveCfg = Debug|Any CPU
		{25275280-C633-4153-B84D-00DBD9165861}.Release|Any CPU.ActiveCfg = Release|Any CPU
		{E34D64F6-54AE-4AA8-B94A-87136BE16AFF}.Debug|Any CPU.ActiveCfg = Debug|Any CPU
		{E34D64F6-54AE-4AA8-B94A-87136BE16AFF}.Debug|Any CPU.Build.0 = Debug|Any CPU
		{E34D64F6-54AE-4AA8-B94A-87136BE16AFF}.Release|Any CPU.ActiveCfg = Release|Any CPU
		{E34D64F6-54AE-4AA8-B94A-87136BE16AFF}.Release|Any CPU.Build.0 = Release|Any CPU
		{857CA890-9AA6-4CD3-B83F-3A817F2B87AF}.Debug|Any CPU.ActiveCfg = Debug|Any CPU
		{857CA890-9AA6-4CD3-B83F-3A817F2B87AF}.Debug|Any CPU.Build.0 = Debug|Any CPU
		{857CA890-9AA6-4CD3-B83F-3A817F2B87AF}.Release|Any CPU.ActiveCfg = Release|Any CPU
		{857CA890-9AA6-4CD3-B83F-3A817F2B87AF}.Release|Any CPU.Build.0 = Release|Any CPU
		{6910DD6C-2F91-4E89-BFFF-F283CB57B997}.Debug|Any CPU.ActiveCfg = Debug|Any CPU
		{6910DD6C-2F91-4E89-BFFF-F283CB57B997}.Debug|Any CPU.Build.0 = Debug|Any CPU
		{6910DD6C-2F91-4E89-BFFF-F283CB57B997}.Release|Any CPU.ActiveCfg = Release|Any CPU
		{6910DD6C-2F91-4E89-BFFF-F283CB57B997}.Release|Any CPU.Build.0 = Release|Any CPU
	EndGlobalSection
	GlobalSection(SolutionProperties) = preSolution
		HideSolutionNode = FALSE
	EndGlobalSection
	GlobalSection(ExtensibilityGlobals) = postSolution
		SolutionGuid = {A2AFAFCF-9151-456A-A6CD-99E0B299A998}
	EndGlobalSection
EndGlobal
