
Microsoft Visual Studio Solution File, Format Version 12.00
# Visual Studio Version 17
VisualStudioVersion = 17.0.31903.59
MinimumVisualStudioVersion = 10.0.40219.1
Project("{9A19103F-16F7-4668-BE54-9A1E7A4F7556}") = "ImageMagitek", "ImageMagitek\ImageMagitek.csproj", "{94136DDB-1B6F-4959-A14C-D59716994E85}"
EndProject
Project("{9A19103F-16F7-4668-BE54-9A1E7A4F7556}") = "TileShop.CLI", "TileShop.CLI\TileShop.CLI.csproj", "{EDFCC714-2B1F-4B5D-8FA7-CD60BA04EAB7}"
EndProject
Project("{9A19103F-16F7-4668-BE54-9A1E7A4F7556}") = "ImageMagitek.UnitTests", "ImageMagitek.UnitTests\ImageMagitek.UnitTests.csproj", "{FB67BDC5-C4F8-4CE6-9865-D8A87B6E9BA1}"
EndProject
Project("{9A19103F-16F7-4668-BE54-9A1E7A4F7556}") = "ImageMagitek.Benchmarks", "ImageMagitek.Benchmarks\ImageMagitek.Benchmarks.csproj", "{66A35926-34AB-4E08-B81A-8EFA40B3BFD8}"
EndProject
Project("{9A19103F-16F7-4668-BE54-9A1E7A4F7556}") = "TileShop.Shared", "TileShop.Shared\TileShop.Shared.csproj", "{6B68BC85-0708-46DD-9197-2CA5273B306F}"
EndProject
Project("{9A19103F-16F7-4668-BE54-9A1E7A4F7556}") = "ImageMagitek.Services", "ImageMagitek.Services\ImageMagitek.Services.csproj", "{8932A93B-0074-4508-BFCB-39E9ED2E887C}"
EndProject
Project("{9A19103F-16F7-4668-BE54-9A1E7A4F7556}") = "ImageMagitek.Build", "ImageMagitek.Build\ImageMagitek.Build.csproj", "{25275280-C633-4153-B84D-00DBD9165861}"
EndProject
Project("{2150E333-8FDC-42A3-9474-1A3956D46DE8}") = "Solution Items", "Solution Items", "{E9EA9AD9-DD0D-47BA-87FD-D35518F233E2}"
	ProjectSection(SolutionItems) = preProject
		.editorconfig = .editorconfig
		Base.props = Base.props
	EndProjectSection
EndProject
Project("{9A19103F-16F7-4668-BE54-9A1E7A4F7556}") = "FF5MonsterSpritesWPF", "Samples\FF5MonsterSpritesWPF\FF5MonsterSpritesWPF.csproj", "{E582DAA6-643C-4AC2-916C-00EDA561EFCD}"
EndProject
Project("{2150E333-8FDC-42A3-9474-1A3956D46DE8}") = "Samples", "Samples", "{A2C3C4E0-F3B4-4ACC-BBCC-23D09019F450}"
EndProject
Project("{9A19103F-16F7-4668-BE54-9A1E7A4F7556}") = "FF5MonsterSpritesCLI", "Samples\FF5MonsterSpritesCLI\FF5MonsterSpritesCLI.csproj", "{0A849041-80DD-4CDB-B17F-A5F24B5F07A5}"
EndProject
Project("{9A19103F-16F7-4668-BE54-9A1E7A4F7556}") = "ImageMagitek.PluginSamples", "Samples\ImageMagitek.PluginSamples\ImageMagitek.PluginSamples.csproj", "{A385B7DE-A2F9-46A9-AD4F-6BCF68FAFF91}"
EndProject
Project("{9A19103F-16F7-4668-BE54-9A1E7A4F7556}") = "TileShop.AvaloniaUI", "TileShop.Avalonia\TileShop.AvaloniaUI.csproj", "{14C08451-F532-46EF-858F-6A89C6891011}"
EndProject
Global
	GlobalSection(SolutionConfigurationPlatforms) = preSolution
		Debug|Any CPU = Debug|Any CPU
		Release|Any CPU = Release|Any CPU
	EndGlobalSection
	GlobalSection(ProjectConfigurationPlatforms) = postSolution
		{94136DDB-1B6F-4959-A14C-D59716994E85}.Debug|Any CPU.ActiveCfg = Debug|Any CPU
		{94136DDB-1B6F-4959-A14C-D59716994E85}.Debug|Any CPU.Build.0 = Debug|Any CPU
		{94136DDB-1B6F-4959-A14C-D59716994E85}.Release|Any CPU.ActiveCfg = Release|Any CPU
		{94136DDB-1B6F-4959-A14C-D59716994E85}.Release|Any CPU.Build.0 = Release|Any CPU
		{EDFCC714-2B1F-4B5D-8FA7-CD60BA04EAB7}.Debug|Any CPU.ActiveCfg = Debug|Any CPU
		{EDFCC714-2B1F-4B5D-8FA7-CD60BA04EAB7}.Debug|Any CPU.Build.0 = Debug|Any CPU
		{EDFCC714-2B1F-4B5D-8FA7-CD60BA04EAB7}.Release|Any CPU.ActiveCfg = Release|Any CPU
		{EDFCC714-2B1F-4B5D-8FA7-CD60BA04EAB7}.Release|Any CPU.Build.0 = Release|Any CPU
		{FB67BDC5-C4F8-4CE6-9865-D8A87B6E9BA1}.Debug|Any CPU.ActiveCfg = Debug|Any CPU
		{FB67BDC5-C4F8-4CE6-9865-D8A87B6E9BA1}.Debug|Any CPU.Build.0 = Debug|Any CPU
		{FB67BDC5-C4F8-4CE6-9865-D8A87B6E9BA1}.Release|Any CPU.ActiveCfg = Release|Any CPU
		{FB67BDC5-C4F8-4CE6-9865-D8A87B6E9BA1}.Release|Any CPU.Build.0 = Release|Any CPU
		{66A35926-34AB-4E08-B81A-8EFA40B3BFD8}.Debug|Any CPU.ActiveCfg = Debug|Any CPU
		{66A35926-34AB-4E08-B81A-8EFA40B3BFD8}.Debug|Any CPU.Build.0 = Debug|Any CPU
		{66A35926-34AB-4E08-B81A-8EFA40B3BFD8}.Release|Any CPU.ActiveCfg = Release|Any CPU
		{66A35926-34AB-4E08-B81A-8EFA40B3BFD8}.Release|Any CPU.Build.0 = Release|Any CPU
		{6B68BC85-0708-46DD-9197-2CA5273B306F}.Debug|Any CPU.ActiveCfg = Debug|Any CPU
		{6B68BC85-0708-46DD-9197-2CA5273B306F}.Debug|Any CPU.Build.0 = Debug|Any CPU
		{6B68BC85-0708-46DD-9197-2CA5273B306F}.Release|Any CPU.ActiveCfg = Release|Any CPU
		{6B68BC85-0708-46DD-9197-2CA5273B306F}.Release|Any CPU.Build.0 = Release|Any CPU
		{8932A93B-0074-4508-BFCB-39E9ED2E887C}.Debug|Any CPU.ActiveCfg = Debug|Any CPU
		{8932A93B-0074-4508-BFCB-39E9ED2E887C}.Debug|Any CPU.Build.0 = Debug|Any CPU
		{8932A93B-0074-4508-BFCB-39E9ED2E887C}.Release|Any CPU.ActiveCfg = Release|Any CPU
		{8932A93B-0074-4508-BFCB-39E9ED2E887C}.Release|Any CPU.Build.0 = Release|Any CPU
		{25275280-C633-4153-B84D-00DBD9165861}.Debug|Any CPU.ActiveCfg = Debug|Any CPU
		{25275280-C633-4153-B84D-00DBD9165861}.Release|Any CPU.ActiveCfg = Release|Any CPU
		{E582DAA6-643C-4AC2-916C-00EDA561EFCD}.Debug|Any CPU.ActiveCfg = Debug|Any CPU
		{E582DAA6-643C-4AC2-916C-00EDA561EFCD}.Debug|Any CPU.Build.0 = Debug|Any CPU
		{E582DAA6-643C-4AC2-916C-00EDA561EFCD}.Release|Any CPU.ActiveCfg = Release|Any CPU
		{E582DAA6-643C-4AC2-916C-00EDA561EFCD}.Release|Any CPU.Build.0 = Release|Any CPU
		{0A849041-80DD-4CDB-B17F-A5F24B5F07A5}.Debug|Any CPU.ActiveCfg = Debug|Any CPU
		{0A849041-80DD-4CDB-B17F-A5F24B5F07A5}.Debug|Any CPU.Build.0 = Debug|Any CPU
		{0A849041-80DD-4CDB-B17F-A5F24B5F07A5}.Release|Any CPU.ActiveCfg = Release|Any CPU
		{0A849041-80DD-4CDB-B17F-A5F24B5F07A5}.Release|Any CPU.Build.0 = Release|Any CPU
		{A385B7DE-A2F9-46A9-AD4F-6BCF68FAFF91}.Debug|Any CPU.ActiveCfg = Debug|Any CPU
		{A385B7DE-A2F9-46A9-AD4F-6BCF68FAFF91}.Debug|Any CPU.Build.0 = Debug|Any CPU
		{A385B7DE-A2F9-46A9-AD4F-6BCF68FAFF91}.Release|Any CPU.ActiveCfg = Release|Any CPU
		{A385B7DE-A2F9-46A9-AD4F-6BCF68FAFF91}.Release|Any CPU.Build.0 = Release|Any CPU
		{14C08451-F532-46EF-858F-6A89C6891011}.Debug|Any CPU.ActiveCfg = Debug|Any CPU
		{14C08451-F532-46EF-858F-6A89C6891011}.Debug|Any CPU.Build.0 = Debug|Any CPU
		{14C08451-F532-46EF-858F-6A89C6891011}.Release|Any CPU.ActiveCfg = Release|Any CPU
		{14C08451-F532-46EF-858F-6A89C6891011}.Release|Any CPU.Build.0 = Release|Any CPU
	EndGlobalSection
	GlobalSection(SolutionProperties) = preSolution
		HideSolutionNode = FALSE
	EndGlobalSection
	GlobalSection(NestedProjects) = preSolution
		{E582DAA6-643C-4AC2-916C-00EDA561EFCD} = {A2C3C4E0-F3B4-4ACC-BBCC-23D09019F450}
		{0A849041-80DD-4CDB-B17F-A5F24B5F07A5} = {A2C3C4E0-F3B4-4ACC-BBCC-23D09019F450}
		{A385B7DE-A2F9-46A9-AD4F-6BCF68FAFF91} = {A2C3C4E0-F3B4-4ACC-BBCC-23D09019F450}
	EndGlobalSection
	GlobalSection(ExtensibilityGlobals) = postSolution
		SolutionGuid = {A2AFAFCF-9151-456A-A6CD-99E0B299A998}
	EndGlobalSection
EndGlobal
